
Microsoft Visual Studio Solution File, Format Version 12.00
# Visual Studio Version 17
VisualStudioVersion = 17.6.33829.357
MinimumVisualStudioVersion = 10.0.40219.1
Project("{FAE04EC0-301F-11D3-BF4B-00C04F79EFBC}") = "SporArt", "SporArt.csproj", "{0623F4F5-8355-498A-81AD-766AEAE6CDDE}"
EndProject
Global
	GlobalSection(SolutionConfigurationPlatforms) = preSolution
		Debug|Any CPU = Debug|Any CPU
		Release|Any CPU = Release|Any CPU
	EndGlobalSection
	GlobalSection(ProjectConfigurationPlatforms) = postSolution
		{0623F4F5-8355-498A-81AD-766AEAE6CDDE}.Debug|Any CPU.ActiveCfg = Debug|Any CPU
		{0623F4F5-8355-498A-81AD-766AEAE6CDDE}.Debug|Any CPU.Build.0 = Debug|Any CPU
		{0623F4F5-8355-498A-81AD-766AEAE6CDDE}.Release|Any CPU.ActiveCfg = Release|Any CPU
		{0623F4F5-8355-498A-81AD-766AEAE6CDDE}.Release|Any CPU.Build.0 = Release|Any CPU
	EndGlobalSection
	GlobalSection(SolutionProperties) = preSolution
		HideSolutionNode = FALSE
	EndGlobalSection
	GlobalSection(ExtensibilityGlobals) = postSolution
		SolutionGuid = {15067477-8C5A-4D15-B975-831ED0292ABE}
	EndGlobalSection
EndGlobal
