
Microsoft Visual Studio Solution File, Format Version 12.00
# Visual Studio Version 17
VisualStudioVersion = 17.6.33829.357
MinimumVisualStudioVersion = 10.0.40219.1
Project("{9A19103F-16F7-4668-BE54-9A1E7A4F7556}") = "SporArt", "SporArt.csproj", "{0623F4F5-8355-498A-81AD-766AEAE6CDDE}"
EndProject
Project("{9A19103F-16F7-4668-BE54-9A1E7A4F7556}") = "SpotClass", "..\SpotClass\SpotClass.csproj", "{8CB16FD8-0130-438F-820C-2F7F9781E6BA}"
EndProject
Global
	GlobalSection(SolutionConfigurationPlatforms) = preSolution
		Debug|Any CPU = Debug|Any CPU
		Release|Any CPU = Release|Any CPU
	EndGlobalSection
	GlobalSection(ProjectConfigurationPlatforms) = postSolution
		{0623F4F5-8355-498A-81AD-766AEAE6CDDE}.Debug|Any CPU.ActiveCfg = Debug|Any CPU
		{0623F4F5-8355-498A-81AD-766AEAE6CDDE}.Debug|Any CPU.Build.0 = Debug|Any CPU
		{0623F4F5-8355-498A-81AD-766AEAE6CDDE}.Release|Any CPU.ActiveCfg = Release|Any CPU
		{0623F4F5-8355-498A-81AD-766AEAE6CDDE}.Release|Any CPU.Build.0 = Release|Any CPU
		{8CB16FD8-0130-438F-820C-2F7F9781E6BA}.Debug|Any CPU.ActiveCfg = Debug|Any CPU
		{8CB16FD8-0130-438F-820C-2F7F9781E6BA}.Debug|Any CPU.Build.0 = Debug|Any CPU
		{8CB16FD8-0130-438F-820C-2F7F9781E6BA}.Release|Any CPU.ActiveCfg = Release|Any CPU
		{8CB16FD8-0130-438F-820C-2F7F9781E6BA}.Release|Any CPU.Build.0 = Release|Any CPU
	EndGlobalSection
	GlobalSection(SolutionProperties) = preSolution
		HideSolutionNode = FALSE
	EndGlobalSection
	GlobalSection(ExtensibilityGlobals) = postSolution
		SolutionGuid = {15067477-8C5A-4D15-B975-831ED0292ABE}
	EndGlobalSection
EndGlobal
